
Microsoft Visual Studio Solution File, Format Version 12.00
# Visual Studio Version 17
VisualStudioVersion = 17.11.35312.102
MinimumVisualStudioVersion = 10.0.40219.1
Project("{FAE04EC0-301F-11D3-BF4B-00C04F79EFBC}") = "FarmaciaBelen", "FarmaciaBelen\FarmaciaBelen.csproj", "{28BA39E8-B389-4576-8670-434876EB1904}"
EndProject
Global
	GlobalSection(SolutionConfigurationPlatforms) = preSolution
		Debug|Any CPU = Debug|Any CPU
		Release|Any CPU = Release|Any CPU
	EndGlobalSection
	GlobalSection(ProjectConfigurationPlatforms) = postSolution
		{28BA39E8-B389-4576-8670-434876EB1904}.Debug|Any CPU.ActiveCfg = Debug|Any CPU
		{28BA39E8-B389-4576-8670-434876EB1904}.Debug|Any CPU.Build.0 = Debug|Any CPU
		{28BA39E8-B389-4576-8670-434876EB1904}.Release|Any CPU.ActiveCfg = Release|Any CPU
		{28BA39E8-B389-4576-8670-434876EB1904}.Release|Any CPU.Build.0 = Release|Any CPU
	EndGlobalSection
	GlobalSection(SolutionProperties) = preSolution
		HideSolutionNode = FALSE
	EndGlobalSection
	GlobalSection(ExtensibilityGlobals) = postSolution
		SolutionGuid = {D21F0481-C298-4313-B989-B90544A9F4A0}
	EndGlobalSection
EndGlobal
